
Microsoft Visual Studio Solution File, Format Version 12.00
# Visual Studio Version 16
VisualStudioVersion = 16.0.30114.105
MinimumVisualStudioVersion = 10.0.40219.1
Project("{FAE04EC0-301F-11D3-BF4B-00C04F79EFBC}") = "Thidal", "Thidal\Thidal.csproj", "{F77E4588-0320-47C5-8372-850C95606473}"
EndProject
Project("{FAE04EC0-301F-11D3-BF4B-00C04F79EFBC}") = "ViewModelsNew", "ViewModelsNew\ViewModelsNew.csproj", "{8B913C6B-7FC4-4C81-9EAC-BF5DBCEB2F63}"
EndProject
Global
	GlobalSection(SolutionConfigurationPlatforms) = preSolution
		Debug|Any CPU = Debug|Any CPU
		Release|Any CPU = Release|Any CPU
	EndGlobalSection
	GlobalSection(ProjectConfigurationPlatforms) = postSolution
		{F77E4588-0320-47C5-8372-850C95606473}.Debug|Any CPU.ActiveCfg = Debug|Any CPU
		{F77E4588-0320-47C5-8372-850C95606473}.Debug|Any CPU.Build.0 = Debug|Any CPU
		{F77E4588-0320-47C5-8372-850C95606473}.Release|Any CPU.ActiveCfg = Release|Any CPU
		{F77E4588-0320-47C5-8372-850C95606473}.Release|Any CPU.Build.0 = Release|Any CPU
		{8B913C6B-7FC4-4C81-9EAC-BF5DBCEB2F63}.Debug|Any CPU.ActiveCfg = Debug|Any CPU
		{8B913C6B-7FC4-4C81-9EAC-BF5DBCEB2F63}.Debug|Any CPU.Build.0 = Debug|Any CPU
		{8B913C6B-7FC4-4C81-9EAC-BF5DBCEB2F63}.Release|Any CPU.ActiveCfg = Release|Any CPU
		{8B913C6B-7FC4-4C81-9EAC-BF5DBCEB2F63}.Release|Any CPU.Build.0 = Release|Any CPU
	EndGlobalSection
	GlobalSection(SolutionProperties) = preSolution
		HideSolutionNode = FALSE
	EndGlobalSection
	GlobalSection(ExtensibilityGlobals) = postSolution
		SolutionGuid = {9B24F61C-F772-473B-A79A-A057C3704BC0}
	EndGlobalSection
EndGlobal
